
Microsoft Visual Studio Solution File, Format Version 12.00
# Visual Studio 2013
VisualStudioVersion = 12.0.21005.1
MinimumVisualStudioVersion = 10.0.40219.1
Project("{FAE04EC0-301F-11D3-BF4B-00C04F79EFBC}") = "MahjongBuddy.Service", "MahjongBuddy.Service\MahjongBuddy.Service.csproj", "{DDD2AA55-EC9E-42EE-ABF2-772CAFAA4B5E}"
EndProject
Project("{FAE04EC0-301F-11D3-BF4B-00C04F79EFBC}") = "MahjongBuddy.Service.Tests", "MahjongBuddy.Service.Tests\MahjongBuddy.Service.Tests.csproj", "{9650BBBB-3036-4034-A77B-1DF9D96DC597}"
EndProject
Global
	GlobalSection(SolutionConfigurationPlatforms) = preSolution
		Debug|Any CPU = Debug|Any CPU
		Release|Any CPU = Release|Any CPU
	EndGlobalSection
	GlobalSection(ProjectConfigurationPlatforms) = postSolution
		{DDD2AA55-EC9E-42EE-ABF2-772CAFAA4B5E}.Debug|Any CPU.ActiveCfg = Debug|Any CPU
		{DDD2AA55-EC9E-42EE-ABF2-772CAFAA4B5E}.Debug|Any CPU.Build.0 = Debug|Any CPU
		{DDD2AA55-EC9E-42EE-ABF2-772CAFAA4B5E}.Release|Any CPU.ActiveCfg = Release|Any CPU
		{DDD2AA55-EC9E-42EE-ABF2-772CAFAA4B5E}.Release|Any CPU.Build.0 = Release|Any CPU
		{9650BBBB-3036-4034-A77B-1DF9D96DC597}.Debug|Any CPU.ActiveCfg = Debug|Any CPU
		{9650BBBB-3036-4034-A77B-1DF9D96DC597}.Debug|Any CPU.Build.0 = Debug|Any CPU
		{9650BBBB-3036-4034-A77B-1DF9D96DC597}.Release|Any CPU.ActiveCfg = Release|Any CPU
		{9650BBBB-3036-4034-A77B-1DF9D96DC597}.Release|Any CPU.Build.0 = Release|Any CPU
	EndGlobalSection
	GlobalSection(SolutionProperties) = preSolution
		HideSolutionNode = FALSE
	EndGlobalSection
EndGlobal
